// !$*UTF8*$!
{
	archiveVersion = 1;
	classes = {
	};
	objectVersion = 46;
	objects = {

/* Begin PBXBuildFile section */
		94070CF71B39F29300708C8E /* AppDelegate.swift in Sources */ = {isa = PBXBuildFile; fileRef = 94070CF61B39F29300708C8E /* AppDelegate.swift */; };
		94070CF91B39F29300708C8E /* ViewController.swift in Sources */ = {isa = PBXBuildFile; fileRef = 94070CF81B39F29300708C8E /* ViewController.swift */; };
		94070CFC1B39F29300708C8E /* Main.storyboard in Resources */ = {isa = PBXBuildFile; fileRef = 94070CFA1B39F29300708C8E /* Main.storyboard */; };
		94070CFE1B39F29300708C8E /* Images.xcassets in Resources */ = {isa = PBXBuildFile; fileRef = 94070CFD1B39F29300708C8E /* Images.xcassets */; };
		94070D011B39F29300708C8E /* LaunchScreen.xib in Resources */ = {isa = PBXBuildFile; fileRef = 94070CFF1B39F29300708C8E /* LaunchScreen.xib */; };
		94070D0D1B39F29300708C8E /* SwiftAndPHPSignUpExampleTests.swift in Sources */ = {isa = PBXBuildFile; fileRef = 94070D0C1B39F29300708C8E /* SwiftAndPHPSignUpExampleTests.swift */; };
		94070D1B1B3A162F00708C8E /* SignUpViewController.swift in Sources */ = {isa = PBXBuildFile; fileRef = 94070D1A1B3A162F00708C8E /* SignUpViewController.swift */; };
		9434BCEE1B45FD9B0071EB54 /* ForgotPasswordViewController.swift in Sources */ = {isa = PBXBuildFile; fileRef = 9434BCED1B45FD9B0071EB54 /* ForgotPasswordViewController.swift */; };
		944E418F1B3E307F001031D0 /* MBProgressHUD.m in Sources */ = {isa = PBXBuildFile; fileRef = 944E418E1B3E307F001031D0 /* MBProgressHUD.m */; };
		9461EEA51B3DD1FF00B786B4 /* MainPageViewController.swift in Sources */ = {isa = PBXBuildFile; fileRef = 9461EEA41B3DD1FF00B786B4 /* MainPageViewController.swift */; };
		946FA5191B3F864500BC48E1 /* MMDrawerBarButtonItem.m in Sources */ = {isa = PBXBuildFile; fileRef = 946FA5111B3F864500BC48E1 /* MMDrawerBarButtonItem.m */; };
		946FA51A1B3F864500BC48E1 /* MMDrawerController.m in Sources */ = {isa = PBXBuildFile; fileRef = 946FA5131B3F864500BC48E1 /* MMDrawerController.m */; };
		946FA51B1B3F864500BC48E1 /* MMDrawerVisualState.m in Sources */ = {isa = PBXBuildFile; fileRef = 946FA5161B3F864500BC48E1 /* MMDrawerVisualState.m */; };
		946FA51C1B3F864500BC48E1 /* UIViewController+MMDrawerController.m in Sources */ = {isa = PBXBuildFile; fileRef = 946FA5181B3F864500BC48E1 /* UIViewController+MMDrawerController.m */; };
		946FA51F1B3F881200BC48E1 /* LeftSideViewController.swift in Sources */ = {isa = PBXBuildFile; fileRef = 946FA51E1B3F881200BC48E1 /* LeftSideViewController.swift */; };
		946FA5211B3F88F100BC48E1 /* RightSideViewController.swift in Sources */ = {isa = PBXBuildFile; fileRef = 946FA5201B3F88F100BC48E1 /* RightSideViewController.swift */; };
		946FA5231B3F91A000BC48E1 /* AboutViewController.swift in Sources */ = {isa = PBXBuildFile; fileRef = 946FA5221B3F91A000BC48E1 /* AboutViewController.swift */; };
		946FA5311B3F9B5B00BC48E1 /* connectivity-bar.png in Resources */ = {isa = PBXBuildFile; fileRef = 946FA52D1B3F9B5B00BC48E1 /* connectivity-bar.png */; };
		946FA5321B3F9B5B00BC48E1 /* connectivity-bar@2x.png in Resources */ = {isa = PBXBuildFile; fileRef = 946FA52E1B3F9B5B00BC48E1 /* connectivity-bar@2x.png */; };
		946FA5331B3F9B5B00BC48E1 /* left_side.png in Resources */ = {isa = PBXBuildFile; fileRef = 946FA52F1B3F9B5B00BC48E1 /* left_side.png */; };
		946FA5341B3F9B5B00BC48E1 /* left_side@2x.png in Resources */ = {isa = PBXBuildFile; fileRef = 946FA5301B3F9B5B00BC48E1 /* left_side@2x.png */; };
/* End PBXBuildFile section */

/* Begin PBXContainerItemProxy section */
		94070D071B39F29300708C8E /* PBXContainerItemProxy */ = {
			isa = PBXContainerItemProxy;
			containerPortal = 94070CE91B39F29300708C8E /* Project object */;
			proxyType = 1;
			remoteGlobalIDString = 94070CF01B39F29300708C8E;
			remoteInfo = SwiftAndPHPSignUpExample;
		};
/* End PBXContainerItemProxy section */

/* Begin PBXFileReference section */
		94070CF11B39F29300708C8E /* SwiftAndPHPSignUpExample.app */ = {isa = PBXFileReference; explicitFileType = wrapper.application; includeInIndex = 0; path = SwiftAndPHPSignUpExample.app; sourceTree = BUILT_PRODUCTS_DIR; };
		94070CF51B39F29300708C8E /* Info.plist */ = {isa = PBXFileReference; lastKnownFileType = text.plist.xml; path = Info.plist; sourceTree = "<group>"; };
		94070CF61B39F29300708C8E /* AppDelegate.swift */ = {isa = PBXFileReference; lastKnownFileType = sourcecode.swift; path = AppDelegate.swift; sourceTree = "<group>"; };
		94070CF81B39F29300708C8E /* ViewController.swift */ = {isa = PBXFileReference; lastKnownFileType = sourcecode.swift; path = ViewController.swift; sourceTree = "<group>"; };
		94070CFB1B39F29300708C8E /* Base */ = {isa = PBXFileReference; lastKnownFileType = file.storyboard; name = Base; path = Base.lproj/Main.storyboard; sourceTree = "<group>"; };
		94070CFD1B39F29300708C8E /* Images.xcassets */ = {isa = PBXFileReference; lastKnownFileType = folder.assetcatalog; path = Images.xcassets; sourceTree = "<group>"; };
		94070D001B39F29300708C8E /* Base */ = {isa = PBXFileReference; lastKnownFileType = file.xib; name = Base; path = Base.lproj/LaunchScreen.xib; sourceTree = "<group>"; };
		94070D061B39F29300708C8E /* SwiftAndPHPSignUpExampleTests.xctest */ = {isa = PBXFileReference; explicitFileType = wrapper.cfbundle; includeInIndex = 0; path = SwiftAndPHPSignUpExampleTests.xctest; sourceTree = BUILT_PRODUCTS_DIR; };
		94070D0B1B39F29300708C8E /* Info.plist */ = {isa = PBXFileReference; lastKnownFileType = text.plist.xml; path = Info.plist; sourceTree = "<group>"; };
		94070D0C1B39F29300708C8E /* SwiftAndPHPSignUpExampleTests.swift */ = {isa = PBXFileReference; lastKnownFileType = sourcecode.swift; path = SwiftAndPHPSignUpExampleTests.swift; sourceTree = "<group>"; };
		94070D1A1B3A162F00708C8E /* SignUpViewController.swift */ = {isa = PBXFileReference; fileEncoding = 4; lastKnownFileType = sourcecode.swift; path = SignUpViewController.swift; sourceTree = "<group>"; };
		9434BCED1B45FD9B0071EB54 /* ForgotPasswordViewController.swift */ = {isa = PBXFileReference; fileEncoding = 4; lastKnownFileType = sourcecode.swift; path = ForgotPasswordViewController.swift; sourceTree = "<group>"; };
		944E418C1B3E307F001031D0 /* SwiftAndPHPSignUpExample-Bridging-Header.h */ = {isa = PBXFileReference; lastKnownFileType = sourcecode.c.h; path = "SwiftAndPHPSignUpExample-Bridging-Header.h"; sourceTree = "<group>"; };
		944E418D1B3E307F001031D0 /* MBProgressHUD.h */ = {isa = PBXFileReference; fileEncoding = 4; lastKnownFileType = sourcecode.c.h; path = MBProgressHUD.h; sourceTree = "<group>"; };
		944E418E1B3E307F001031D0 /* MBProgressHUD.m */ = {isa = PBXFileReference; fileEncoding = 4; lastKnownFileType = sourcecode.c.objc; path = MBProgressHUD.m; sourceTree = "<group>"; };
		9461EEA41B3DD1FF00B786B4 /* MainPageViewController.swift */ = {isa = PBXFileReference; fileEncoding = 4; lastKnownFileType = sourcecode.swift; path = MainPageViewController.swift; sourceTree = "<group>"; };
		946FA5101B3F864500BC48E1 /* MMDrawerBarButtonItem.h */ = {isa = PBXFileReference; fileEncoding = 4; lastKnownFileType = sourcecode.c.h; path = MMDrawerBarButtonItem.h; sourceTree = "<group>"; };
		946FA5111B3F864500BC48E1 /* MMDrawerBarButtonItem.m */ = {isa = PBXFileReference; fileEncoding = 4; lastKnownFileType = sourcecode.c.objc; path = MMDrawerBarButtonItem.m; sourceTree = "<group>"; };
		946FA5121B3F864500BC48E1 /* MMDrawerController.h */ = {isa = PBXFileReference; fileEncoding = 4; lastKnownFileType = sourcecode.c.h; path = MMDrawerController.h; sourceTree = "<group>"; };
		946FA5131B3F864500BC48E1 /* MMDrawerController.m */ = {isa = PBXFileReference; fileEncoding = 4; lastKnownFileType = sourcecode.c.objc; path = MMDrawerController.m; sourceTree = "<group>"; };
		946FA5141B3F864500BC48E1 /* MMDrawerController+Subclass.h */ = {isa = PBXFileReference; fileEncoding = 4; lastKnownFileType = sourcecode.c.h; path = "MMDrawerController+Subclass.h"; sourceTree = "<group>"; };
		946FA5151B3F864500BC48E1 /* MMDrawerVisualState.h */ = {isa = PBXFileReference; fileEncoding = 4; lastKnownFileType = sourcecode.c.h; path = MMDrawerVisualState.h; sourceTree = "<group>"; };
		946FA5161B3F864500BC48E1 /* MMDrawerVisualState.m */ = {isa = PBXFileReference; fileEncoding = 4; lastKnownFileType = sourcecode.c.objc; path = MMDrawerVisualState.m; sourceTree = "<group>"; };
		946FA5171B3F864500BC48E1 /* UIViewController+MMDrawerController.h */ = {isa = PBXFileReference; fileEncoding = 4; lastKnownFileType = sourcecode.c.h; path = "UIViewController+MMDrawerController.h"; sourceTree = "<group>"; };
		946FA5181B3F864500BC48E1 /* UIViewController+MMDrawerController.m */ = {isa = PBXFileReference; fileEncoding = 4; lastKnownFileType = sourcecode.c.objc; path = "UIViewController+MMDrawerController.m"; sourceTree = "<group>"; };
		946FA51E1B3F881200BC48E1 /* LeftSideViewController.swift */ = {isa = PBXFileReference; fileEncoding = 4; lastKnownFileType = sourcecode.swift; path = LeftSideViewController.swift; sourceTree = "<group>"; };
		946FA5201B3F88F100BC48E1 /* RightSideViewController.swift */ = {isa = PBXFileReference; fileEncoding = 4; lastKnownFileType = sourcecode.swift; path = RightSideViewController.swift; sourceTree = "<group>"; };
		946FA5221B3F91A000BC48E1 /* AboutViewController.swift */ = {isa = PBXFileReference; fileEncoding = 4; lastKnownFileType = sourcecode.swift; path = AboutViewController.swift; sourceTree = "<group>"; };
		946FA52D1B3F9B5B00BC48E1 /* connectivity-bar.png */ = {isa = PBXFileReference; lastKnownFileType = image.png; path = "connectivity-bar.png"; sourceTree = "<group>"; };
		946FA52E1B3F9B5B00BC48E1 /* connectivity-bar@2x.png */ = {isa = PBXFileReference; lastKnownFileType = image.png; path = "connectivity-bar@2x.png"; sourceTree = "<group>"; };
		946FA52F1B3F9B5B00BC48E1 /* left_side.png */ = {isa = PBXFileReference; lastKnownFileType = image.png; path = left_side.png; sourceTree = "<group>"; };
		946FA5301B3F9B5B00BC48E1 /* left_side@2x.png */ = {isa = PBXFileReference; lastKnownFileType = image.png; path = "left_side@2x.png"; sourceTree = "<group>"; };
/* End PBXFileReference section */

/* Begin PBXFrameworksBuildPhase section */
		94070CEE1B39F29300708C8E /* Frameworks */ = {
			isa = PBXFrameworksBuildPhase;
			buildActionMask = 2147483647;
			files = (
			);
			runOnlyForDeploymentPostprocessing = 0;
		};
		94070D031B39F29300708C8E /* Frameworks */ = {
			isa = PBXFrameworksBuildPhase;
			buildActionMask = 2147483647;
			files = (
			);
			runOnlyForDeploymentPostprocessing = 0;
		};
/* End PBXFrameworksBuildPhase section */

/* Begin PBXGroup section */
		94070CE81B39F29300708C8E = {
			isa = PBXGroup;
			children = (
				94070CF31B39F29300708C8E /* SwiftAndPHPSignUpExample */,
				94070D091B39F29300708C8E /* SwiftAndPHPSignUpExampleTests */,
				94070CF21B39F29300708C8E /* Products */,
			);
			sourceTree = "<group>";
		};
		94070CF21B39F29300708C8E /* Products */ = {
			isa = PBXGroup;
			children = (
				94070CF11B39F29300708C8E /* SwiftAndPHPSignUpExample.app */,
				94070D061B39F29300708C8E /* SwiftAndPHPSignUpExampleTests.xctest */,
			);
			name = Products;
			sourceTree = "<group>";
		};
		94070CF31B39F29300708C8E /* SwiftAndPHPSignUpExample */ = {
			isa = PBXGroup;
			children = (
				946FA5351B3F9B6200BC48E1 /* Icons */,
				946FA51D1B3F865200BC48E1 /* MMDrawer */,
				944E418D1B3E307F001031D0 /* MBProgressHUD.h */,
				944E418E1B3E307F001031D0 /* MBProgressHUD.m */,
				94070CF61B39F29300708C8E /* AppDelegate.swift */,
				94070CF81B39F29300708C8E /* ViewController.swift */,
				94070CFA1B39F29300708C8E /* Main.storyboard */,
				94070CFD1B39F29300708C8E /* Images.xcassets */,
				94070CFF1B39F29300708C8E /* LaunchScreen.xib */,
				94070CF41B39F29300708C8E /* Supporting Files */,
				94070D1A1B3A162F00708C8E /* SignUpViewController.swift */,
				9461EEA41B3DD1FF00B786B4 /* MainPageViewController.swift */,
				944E418C1B3E307F001031D0 /* SwiftAndPHPSignUpExample-Bridging-Header.h */,
				946FA51E1B3F881200BC48E1 /* LeftSideViewController.swift */,
				946FA5201B3F88F100BC48E1 /* RightSideViewController.swift */,
				946FA5221B3F91A000BC48E1 /* AboutViewController.swift */,
				9434BCED1B45FD9B0071EB54 /* ForgotPasswordViewController.swift */,
			);
			path = SwiftAndPHPSignUpExample;
			sourceTree = "<group>";
		};
		94070CF41B39F29300708C8E /* Supporting Files */ = {
			isa = PBXGroup;
			children = (
				94070CF51B39F29300708C8E /* Info.plist */,
			);
			name = "Supporting Files";
			sourceTree = "<group>";
		};
		94070D091B39F29300708C8E /* SwiftAndPHPSignUpExampleTests */ = {
			isa = PBXGroup;
			children = (
				94070D0C1B39F29300708C8E /* SwiftAndPHPSignUpExampleTests.swift */,
				94070D0A1B39F29300708C8E /* Supporting Files */,
			);
			path = SwiftAndPHPSignUpExampleTests;
			sourceTree = "<group>";
		};
		94070D0A1B39F29300708C8E /* Supporting Files */ = {
			isa = PBXGroup;
			children = (
				94070D0B1B39F29300708C8E /* Info.plist */,
			);
			name = "Supporting Files";
			sourceTree = "<group>";
		};
		946FA51D1B3F865200BC48E1 /* MMDrawer */ = {
			isa = PBXGroup;
			children = (
				946FA5101B3F864500BC48E1 /* MMDrawerBarButtonItem.h */,
				946FA5111B3F864500BC48E1 /* MMDrawerBarButtonItem.m */,
				946FA5121B3F864500BC48E1 /* MMDrawerController.h */,
				946FA5131B3F864500BC48E1 /* MMDrawerController.m */,
				946FA5141B3F864500BC48E1 /* MMDrawerController+Subclass.h */,
				946FA5151B3F864500BC48E1 /* MMDrawerVisualState.h */,
				946FA5161B3F864500BC48E1 /* MMDrawerVisualState.m */,
				946FA5171B3F864500BC48E1 /* UIViewController+MMDrawerController.h */,
				946FA5181B3F864500BC48E1 /* UIViewController+MMDrawerController.m */,
			);
			name = MMDrawer;
			sourceTree = "<group>";
		};
		946FA5351B3F9B6200BC48E1 /* Icons */ = {
			isa = PBXGroup;
			children = (
				946FA52D1B3F9B5B00BC48E1 /* connectivity-bar.png */,
				946FA52E1B3F9B5B00BC48E1 /* connectivity-bar@2x.png */,
				946FA52F1B3F9B5B00BC48E1 /* left_side.png */,
				946FA5301B3F9B5B00BC48E1 /* left_side@2x.png */,
			);
			name = Icons;
			sourceTree = "<group>";
		};
/* End PBXGroup section */

/* Begin PBXNativeTarget section */
		94070CF01B39F29300708C8E /* SwiftAndPHPSignUpExample */ = {
			isa = PBXNativeTarget;
			buildConfigurationList = 94070D101B39F29300708C8E /* Build configuration list for PBXNativeTarget "SwiftAndPHPSignUpExample" */;
			buildPhases = (
				94070CED1B39F29300708C8E /* Sources */,
				94070CEE1B39F29300708C8E /* Frameworks */,
				94070CEF1B39F29300708C8E /* Resources */,
			);
			buildRules = (
			);
			dependencies = (
			);
			name = SwiftAndPHPSignUpExample;
			productName = SwiftAndPHPSignUpExample;
			productReference = 94070CF11B39F29300708C8E /* SwiftAndPHPSignUpExample.app */;
			productType = "com.apple.product-type.application";
		};
		94070D051B39F29300708C8E /* SwiftAndPHPSignUpExampleTests */ = {
			isa = PBXNativeTarget;
			buildConfigurationList = 94070D131B39F29300708C8E /* Build configuration list for PBXNativeTarget "SwiftAndPHPSignUpExampleTests" */;
			buildPhases = (
				94070D021B39F29300708C8E /* Sources */,
				94070D031B39F29300708C8E /* Frameworks */,
				94070D041B39F29300708C8E /* Resources */,
			);
			buildRules = (
			);
			dependencies = (
				94070D081B39F29300708C8E /* PBXTargetDependency */,
			);
			name = SwiftAndPHPSignUpExampleTests;
			productName = SwiftAndPHPSignUpExampleTests;
			productReference = 94070D061B39F29300708C8E /* SwiftAndPHPSignUpExampleTests.xctest */;
			productType = "com.apple.product-type.bundle.unit-test";
		};
/* End PBXNativeTarget section */

/* Begin PBXProject section */
		94070CE91B39F29300708C8E /* Project object */ = {
			isa = PBXProject;
			attributes = {
				LastSwiftMigration = 0700;
				LastSwiftUpdateCheck = 0700;
				LastUpgradeCheck = 0630;
				ORGANIZATIONNAME = "Sergey Kargopolov";
				TargetAttributes = {
					94070CF01B39F29300708C8E = {
						CreatedOnToolsVersion = 6.3.2;
					};
					94070D051B39F29300708C8E = {
						CreatedOnToolsVersion = 6.3.2;
						TestTargetID = 94070CF01B39F29300708C8E;
					};
				};
			};
			buildConfigurationList = 94070CEC1B39F29300708C8E /* Build configuration list for PBXProject "SwiftAndPHPSignUpExample" */;
			compatibilityVersion = "Xcode 3.2";
			developmentRegion = English;
			hasScannedForEncodings = 0;
			knownRegions = (
				en,
				Base,
			);
			mainGroup = 94070CE81B39F29300708C8E;
			productRefGroup = 94070CF21B39F29300708C8E /* Products */;
			projectDirPath = "";
			projectRoot = "";
			targets = (
				94070CF01B39F29300708C8E /* SwiftAndPHPSignUpExample */,
				94070D051B39F29300708C8E /* SwiftAndPHPSignUpExampleTests */,
			);
		};
/* End PBXProject section */

/* Begin PBXResourcesBuildPhase section */
		94070CEF1B39F29300708C8E /* Resources */ = {
			isa = PBXResourcesBuildPhase;
			buildActionMask = 2147483647;
			files = (
				946FA5341B3F9B5B00BC48E1 /* left_side@2x.png in Resources */,
				946FA5311B3F9B5B00BC48E1 /* connectivity-bar.png in Resources */,
				946FA5321B3F9B5B00BC48E1 /* connectivity-bar@2x.png in Resources */,
				94070CFC1B39F29300708C8E /* Main.storyboard in Resources */,
				94070D011B39F29300708C8E /* LaunchScreen.xib in Resources */,
				94070CFE1B39F29300708C8E /* Images.xcassets in Resources */,
				946FA5331B3F9B5B00BC48E1 /* left_side.png in Resources */,
			);
			runOnlyForDeploymentPostprocessing = 0;
		};
		94070D041B39F29300708C8E /* Resources */ = {
			isa = PBXResourcesBuildPhase;
			buildActionMask = 2147483647;
			files = (
			);
			runOnlyForDeploymentPostprocessing = 0;
		};
/* End PBXResourcesBuildPhase section */

/* Begin PBXSourcesBuildPhase section */
		94070CED1B39F29300708C8E /* Sources */ = {
			isa = PBXSourcesBuildPhase;
			buildActionMask = 2147483647;
			files = (
				9461EEA51B3DD1FF00B786B4 /* MainPageViewController.swift in Sources */,
				946FA5191B3F864500BC48E1 /* MMDrawerBarButtonItem.m in Sources */,
				946FA51A1B3F864500BC48E1 /* MMDrawerController.m in Sources */,
				94070D1B1B3A162F00708C8E /* SignUpViewController.swift in Sources */,
				946FA51B1B3F864500BC48E1 /* MMDrawerVisualState.m in Sources */,
				944E418F1B3E307F001031D0 /* MBProgressHUD.m in Sources */,
				946FA5231B3F91A000BC48E1 /* AboutViewController.swift in Sources */,
				946FA51C1B3F864500BC48E1 /* UIViewController+MMDrawerController.m in Sources */,
				94070CF91B39F29300708C8E /* ViewController.swift in Sources */,
				946FA51F1B3F881200BC48E1 /* LeftSideViewController.swift in Sources */,
				9434BCEE1B45FD9B0071EB54 /* ForgotPasswordViewController.swift in Sources */,
				946FA5211B3F88F100BC48E1 /* RightSideViewController.swift in Sources */,
				94070CF71B39F29300708C8E /* AppDelegate.swift in Sources */,
			);
			runOnlyForDeploymentPostprocessing = 0;
		};
		94070D021B39F29300708C8E /* Sources */ = {
			isa = PBXSourcesBuildPhase;
			buildActionMask = 2147483647;
			files = (
				94070D0D1B39F29300708C8E /* SwiftAndPHPSignUpExampleTests.swift in Sources */,
			);
			runOnlyForDeploymentPostprocessing = 0;
		};
/* End PBXSourcesBuildPhase section */

/* Begin PBXTargetDependency section */
		94070D081B39F29300708C8E /* PBXTargetDependency */ = {
			isa = PBXTargetDependency;
			target = 94070CF01B39F29300708C8E /* SwiftAndPHPSignUpExample */;
			targetProxy = 94070D071B39F29300708C8E /* PBXContainerItemProxy */;
		};
/* End PBXTargetDependency section */

/* Begin PBXVariantGroup section */
		94070CFA1B39F29300708C8E /* Main.storyboard */ = {
			isa = PBXVariantGroup;
			children = (
				94070CFB1B39F29300708C8E /* Base */,
			);
			name = Main.storyboard;
			sourceTree = "<group>";
		};
		94070CFF1B39F29300708C8E /* LaunchScreen.xib */ = {
			isa = PBXVariantGroup;
			children = (
				94070D001B39F29300708C8E /* Base */,
			);
			name = LaunchScreen.xib;
			sourceTree = "<group>";
		};
/* End PBXVariantGroup section */

/* Begin XCBuildConfiguration section */
		94070D0E1B39F29300708C8E /* Debug */ = {
			isa = XCBuildConfiguration;
			buildSettings = {
				ALWAYS_SEARCH_USER_PATHS = NO;
				CLANG_CXX_LANGUAGE_STANDARD = "gnu++0x";
				CLANG_CXX_LIBRARY = "libc++";
				CLANG_ENABLE_MODULES = YES;
				CLANG_ENABLE_OBJC_ARC = YES;
				CLANG_WARN_BOOL_CONVERSION = YES;
				CLANG_WARN_CONSTANT_CONVERSION = YES;
				CLANG_WARN_DIRECT_OBJC_ISA_USAGE = YES_ERROR;
				CLANG_WARN_EMPTY_BODY = YES;
				CLANG_WARN_ENUM_CONVERSION = YES;
				CLANG_WARN_INT_CONVERSION = YES;
				CLANG_WARN_OBJC_ROOT_CLASS = YES_ERROR;
				CLANG_WARN_UNREACHABLE_CODE = YES;
				CLANG_WARN__DUPLICATE_METHOD_MATCH = YES;
				"CODE_SIGN_IDENTITY[sdk=iphoneos*]" = "iPhone Developer";
				COPY_PHASE_STRIP = NO;
				DEBUG_INFORMATION_FORMAT = "dwarf-with-dsym";
				ENABLE_STRICT_OBJC_MSGSEND = YES;
				GCC_C_LANGUAGE_STANDARD = gnu99;
				GCC_DYNAMIC_NO_PIC = NO;
				GCC_NO_COMMON_BLOCKS = YES;
				GCC_OPTIMIZATION_LEVEL = 0;
				GCC_PREPROCESSOR_DEFINITIONS = (
					"DEBUG=1",
					"$(inherited)",
				);
				GCC_SYMBOLS_PRIVATE_EXTERN = NO;
				GCC_WARN_64_TO_32_BIT_CONVERSION = YES;
				GCC_WARN_ABOUT_RETURN_TYPE = YES_ERROR;
				GCC_WARN_UNDECLARED_SELECTOR = YES;
				GCC_WARN_UNINITIALIZED_AUTOS = YES_AGGRESSIVE;
				GCC_WARN_UNUSED_FUNCTION = YES;
				GCC_WARN_UNUSED_VARIABLE = YES;
				IPHONEOS_DEPLOYMENT_TARGET = 8.3;
				MTL_ENABLE_DEBUG_INFO = YES;
				ONLY_ACTIVE_ARCH = YES;
				SDKROOT = iphoneos;
				SWIFT_OPTIMIZATION_LEVEL = "-Onone";
			};
			name = Debug;
		};
		94070D0F1B39F29300708C8E /* Release */ = {
			isa = XCBuildConfiguration;
			buildSettings = {
				ALWAYS_SEARCH_USER_PATHS = NO;
				CLANG_CXX_LANGUAGE_STANDARD = "gnu++0x";
				CLANG_CXX_LIBRARY = "libc++";
				CLANG_ENABLE_MODULES = YES;
				CLANG_ENABLE_OBJC_ARC = YES;
				CLANG_WARN_BOOL_CONVERSION = YES;
				CLANG_WARN_CONSTANT_CONVERSION = YES;
				CLANG_WARN_DIRECT_OBJC_ISA_USAGE = YES_ERROR;
				CLANG_WARN_EMPTY_BODY = YES;
				CLANG_WARN_ENUM_CONVERSION = YES;
				CLANG_WARN_INT_CONVERSION = YES;
				CLANG_WARN_OBJC_ROOT_CLASS = YES_ERROR;
				CLANG_WARN_UNREACHABLE_CODE = YES;
				CLANG_WARN__DUPLICATE_METHOD_MATCH = YES;
				"CODE_SIGN_IDENTITY[sdk=iphoneos*]" = "iPhone Developer";
				COPY_PHASE_STRIP = NO;
				DEBUG_INFORMATION_FORMAT = "dwarf-with-dsym";
				ENABLE_NS_ASSERTIONS = NO;
				ENABLE_STRICT_OBJC_MSGSEND = YES;
				GCC_C_LANGUAGE_STANDARD = gnu99;
				GCC_NO_COMMON_BLOCKS = YES;
				GCC_WARN_64_TO_32_BIT_CONVERSION = YES;
				GCC_WARN_ABOUT_RETURN_TYPE = YES_ERROR;
				GCC_WARN_UNDECLARED_SELECTOR = YES;
				GCC_WARN_UNINITIALIZED_AUTOS = YES_AGGRESSIVE;
				GCC_WARN_UNUSED_FUNCTION = YES;
				GCC_WARN_UNUSED_VARIABLE = YES;
				IPHONEOS_DEPLOYMENT_TARGET = 8.3;
				MTL_ENABLE_DEBUG_INFO = NO;
				SDKROOT = iphoneos;
				VALIDATE_PRODUCT = YES;
			};
			name = Release;
		};
		94070D111B39F29300708C8E /* Debug */ = {
			isa = XCBuildConfiguration;
			buildSettings = {
				ASSETCATALOG_COMPILER_APPICON_NAME = AppIcon;
				CLANG_ENABLE_MODULES = YES;
				INFOPLIST_FILE = SwiftAndPHPSignUpExample/Info.plist;
				LD_RUNPATH_SEARCH_PATHS = "$(inherited) @executable_path/Frameworks";
				PRODUCT_NAME = "$(TARGET_NAME)";
				SWIFT_OBJC_BRIDGING_HEADER = "SwiftAndPHPSignUpExample/SwiftAndPHPSignUpExample-Bridging-Header.h";
				SWIFT_OPTIMIZATION_LEVEL = "-Onone";
			};
			name = Debug;
		};
		94070D121B39F29300708C8E /* Release */ = {
			isa = XCBuildConfiguration;
			buildSettings = {
				ASSETCATALOG_COMPILER_APPICON_NAME = AppIcon;
				CLANG_ENABLE_MODULES = YES;
				INFOPLIST_FILE = SwiftAndPHPSignUpExample/Info.plist;
				LD_RUNPATH_SEARCH_PATHS = "$(inherited) @executable_path/Frameworks";
				PRODUCT_NAME = "$(TARGET_NAME)";
				SWIFT_OBJC_BRIDGING_HEADER = "SwiftAndPHPSignUpExample/SwiftAndPHPSignUpExample-Bridging-Header.h";
			};
			name = Release;
		};
		94070D141B39F29300708C8E /* Debug */ = {
			isa = XCBuildConfiguration;
			buildSettings = {
				BUNDLE_LOADER = "$(TEST_HOST)";
				FRAMEWORK_SEARCH_PATHS = (
					"$(SDKROOT)/Developer/Library/Frameworks",
					"$(inherited)",
				);
				GCC_PREPROCESSOR_DEFINITIONS = (
					"DEBUG=1",
					"$(inherited)",
				);
				INFOPLIST_FILE = SwiftAndPHPSignUpExampleTests/Info.plist;
				LD_RUNPATH_SEARCH_PATHS = "$(inherited) @executable_path/Frameworks @loader_path/Frameworks";
				PRODUCT_NAME = "$(TARGET_NAME)";
				TEST_HOST = "$(BUILT_PRODUCTS_DIR)/SwiftAndPHPSignUpExample.app/SwiftAndPHPSignUpExample";
			};
			name = Debug;
		};
		94070D151B39F29300708C8E /* Release */ = {
			isa = XCBuildConfiguration;
			buildSettings = {
				BUNDLE_LOADER = "$(TEST_HOST)";
				FRAMEWORK_SEARCH_PATHS = (
					"$(SDKROOT)/Developer/Library/Frameworks",
					"$(inherited)",
				);
				INFOPLIST_FILE = SwiftAndPHPSignUpExampleTests/Info.plist;
				LD_RUNPATH_SEARCH_PATHS = "$(inherited) @executable_path/Frameworks @loader_path/Frameworks";
				PRODUCT_NAME = "$(TARGET_NAME)";
				TEST_HOST = "$(BUILT_PRODUCTS_DIR)/SwiftAndPHPSignUpExample.app/SwiftAndPHPSignUpExample";
			};
			name = Release;
		};
/* End XCBuildConfiguration section */

/* Begin XCConfigurationList section */
		94070CEC1B39F29300708C8E /* Build configuration list for PBXProject "SwiftAndPHPSignUpExample" */ = {
			isa = XCConfigurationList;
			buildConfigurations = (
				94070D0E1B39F29300708C8E /* Debug */,
				94070D0F1B39F29300708C8E /* Release */,
			);
			defaultConfigurationIsVisible = 0;
			defaultConfigurationName = Release;
		};
		94070D101B39F29300708C8E /* Build configuration list for PBXNativeTarget "SwiftAndPHPSignUpExample" */ = {
			isa = XCConfigurationList;
			buildConfigurations = (
				94070D111B39F29300708C8E /* Debug */,
				94070D121B39F29300708C8E /* Release */,
			);
			defaultConfigurationIsVisible = 0;
			defaultConfigurationName = Release;
		};
		94070D131B39F29300708C8E /* Build configuration list for PBXNativeTarget "SwiftAndPHPSignUpExampleTests" */ = {
			isa = XCConfigurationList;
			buildConfigurations = (
				94070D141B39F29300708C8E /* Debug */,
				94070D151B39F29300708C8E /* Release */,
			);
			defaultConfigurationIsVisible = 0;
			defaultConfigurationName = Release;
		};
/* End XCConfigurationList section */
	};
	rootObject = 94070CE91B39F29300708C8E /* Project object */;
}
